github.com/clevergo/captchas v0.2.1-0.20200309001628-9ef960220518 h1:MXyHuEihjDzIrEagsK1da6jkkz6MJ/7aM/I0mZskZ0k=
github.com/clevergo/captchas v0.2.1-0.20200309001628-9ef960220518/go.mod h1:MgQIvLx9mhOoScMJnSFvXuqbAQVIwWtLJ862K1jRvR8=
github.com/clevergo/captchas v0.3.0 h1:AbXrNZY6eik33GBbGoqC6ZfpaeLVmh/vOA5f2jHVGMU=
github.com/clevergo/captchas v0.3.0/go.mod h1:MgQIvLx9mhOoScMJnSFvXuqbAQVIwWtLJ862K1jRvR8=
github.com/clevergo/captchas v0.3.1 h1:k9MD8U92gAjzD8jxKAHf7QXoAk80QWzA+CJXeYTQvrc=
github.com/clevergo/captchas v0.3.1/go.mod h1:MgQIvLx9mhOoScMJnSFvXuqbAQVIwWtLJ862K1jRvR8=
